Microsoft Visual Studio Solution File, Format Version 12.00
# Visual Studio Version 17
VisualStudioVersion = 17.0.31903.59
MinimumVisualStudioVersion = 10.0.40219.1
Project("{2150E333-8FDC-42A3-9474-1A3956D46DE8}") = "src", "src", "{A985CCE2-4E27-4145-ADA0-55CA9BABA000}"
EndProject
Project("{FAE04EC0-301F-11D3-BF4B-00C04F79EFBC}") = "Searchify.Abstractions", "src/Searchify.Abstractions/Searchify.Abstractions.csproj", "{865D08CF-4D53-4C5D-A467-770E789BA5CD}"
EndProject
Project("{FAE04EC0-301F-11D3-BF4B-00C04F79EFBC}") = "Searchify", "src/Searchify/Searchify.csproj", "{3A206663-35C4-417E-B5E2-BB7AC9899168}"
EndProject
Project("{2150E333-8FDC-42A3-9474-1A3956D46DE8}") = "tests", "tests", "{1AB6D551-9BD3-42B1-A8F6-AD3C33B92586}"
EndProject
Project("{FAE04EC0-301F-11D3-BF4B-00C04F79EFBC}") = "Searchify.Tests", "tests/Searchify.Tests/Searchify.Tests.csproj", "{E5A92F6F-D53B-4EC2-BB3B-8654537E3016}"
EndProject
Global
    GlobalSection(SolutionConfigurationPlatforms) = preSolution
        Debug|Any CPU = Debug|Any CPU
        Release|Any CPU = Release|Any CPU
    EndGlobalSection
    GlobalSection(ProjectConfigurationPlatforms) = postSolution
        {865D08CF-4D53-4C5D-A467-770E789BA5CD}.Debug|Any CPU.ActiveCfg = Debug|Any CPU
        {865D08CF-4D53-4C5D-A467-770E789BA5CD}.Debug|Any CPU.Build.0 = Debug|Any CPU
        {865D08CF-4D53-4C5D-A467-770E789BA5CD}.Release|Any CPU.ActiveCfg = Release|Any CPU
        {865D08CF-4D53-4C5D-A467-770E789BA5CD}.Release|Any CPU.Build.0 = Release|Any CPU
        {3A206663-35C4-417E-B5E2-BB7AC9899168}.Debug|Any CPU.ActiveCfg = Debug|Any CPU
        {3A206663-35C4-417E-B5E2-BB7AC9899168}.Debug|Any CPU.Build.0 = Debug|Any CPU
        {3A206663-35C4-417E-B5E2-BB7AC9899168}.Release|Any CPU.ActiveCfg = Release|Any CPU
        {3A206663-35C4-417E-B5E2-BB7AC9899168}.Release|Any CPU.Build.0 = Release|Any CPU
        {E5A92F6F-D53B-4EC2-BB3B-8654537E3016}.Debug|Any CPU.ActiveCfg = Debug|Any CPU
        {E5A92F6F-D53B-4EC2-BB3B-8654537E3016}.Debug|Any CPU.Build.0 = Debug|Any CPU
        {E5A92F6F-D53B-4EC2-BB3B-8654537E3016}.Release|Any CPU.ActiveCfg = Release|Any CPU
        {E5A92F6F-D53B-4EC2-BB3B-8654537E3016}.Release|Any CPU.Build.0 = Release|Any CPU
    EndGlobalSection
    GlobalSection(SolutionProperties) = preSolution
        HideSolutionNode = FALSE
    EndGlobalSection
    GlobalSection(ExtensibilityGlobals) = postSolution
        SolutionGuid = {622E14ED-22E3-4EB4-8A7F-A17814D7A4C2}
    EndGlobalSection
    GlobalSection(NestedProjects) = preSolution
        {865D08CF-4D53-4C5D-A467-770E789BA5CD} = {A985CCE2-4E27-4145-ADA0-55CA9BABA000}
        {3A206663-35C4-417E-B5E2-BB7AC9899168} = {A985CCE2-4E27-4145-ADA0-55CA9BABA000}
        {E5A92F6F-D53B-4EC2-BB3B-8654537E3016} = {1AB6D551-9BD3-42B1-A8F6-AD3C33B92586}
    EndGlobalSection
EndGlobal
